
Microsoft Visual Studio Solution File, Format Version 12.00
# Visual Studio 15
VisualStudioVersion = 15.0.27428.2005
MinimumVisualStudioVersion = 10.0.40219.1
Project("{9A19103F-16F7-4668-BE54-9A1E7A4F7556}") = "TAHTS", "TAHTS\TAHTS.csproj", "{31031F01-EC02-405C-BB57-E8660D2025C8}"
EndProject
Project("{FAE04EC0-301F-11D3-BF4B-00C04F79EFBC}") = "TAHTSData", "TAHTSData\TAHTSData.csproj", "{0B3D6D57-2B12-4506-84F9-33461EECD860}"
EndProject
Global
	GlobalSection(SolutionConfigurationPlatforms) = preSolution
		Debug|Any CPU = Debug|Any CPU
		Release|Any CPU = Release|Any CPU
	EndGlobalSection
	GlobalSection(ProjectConfigurationPlatforms) = postSolution
		{31031F01-EC02-405C-BB57-E8660D2025C8}.Debug|Any CPU.ActiveCfg = Debug|Any CPU
		{31031F01-EC02-405C-BB57-E8660D2025C8}.Debug|Any CPU.Build.0 = Debug|Any CPU
		{31031F01-EC02-405C-BB57-E8660D2025C8}.Release|Any CPU.ActiveCfg = Release|Any CPU
		{31031F01-EC02-405C-BB57-E8660D2025C8}.Release|Any CPU.Build.0 = Release|Any CPU
		{0B3D6D57-2B12-4506-84F9-33461EECD860}.Debug|Any CPU.ActiveCfg = Debug|Any CPU
		{0B3D6D57-2B12-4506-84F9-33461EECD860}.Debug|Any CPU.Build.0 = Debug|Any CPU
		{0B3D6D57-2B12-4506-84F9-33461EECD860}.Release|Any CPU.ActiveCfg = Release|Any CPU
		{0B3D6D57-2B12-4506-84F9-33461EECD860}.Release|Any CPU.Build.0 = Release|Any CPU
	EndGlobalSection
	GlobalSection(SolutionProperties) = preSolution
		HideSolutionNode = FALSE
	EndGlobalSection
	GlobalSection(ExtensibilityGlobals) = postSolution
		SolutionGuid = {A7E4768F-5057-4D45-BA1B-634578D08091}
	EndGlobalSection
EndGlobal
